// !$*UTF8*$!
{
	archiveVersion = 1;
	classes = {
	};
	objectVersion = 77;
	objects = {

/* Begin PBXContainerItemProxy section */
		54D8725B2CE0B6ED005214EF /* PBXContainerItemProxy */ = {
			isa = PBXContainerItemProxy;
			containerPortal = 54D872402CE0B6EB005214EF /* Project object */;
			proxyType = 1;
			remoteGlobalIDString = 54D872472CE0B6EB005214EF;
			remoteInfo = SwiftUppg4;
		};
		54D872652CE0B6ED005214EF /* PBXContainerItemProxy */ = {
			isa = PBXContainerItemProxy;
			containerPortal = 54D872402CE0B6EB005214EF /* Project object */;
			proxyType = 1;
			remoteGlobalIDString = 54D872472CE0B6EB005214EF;
			remoteInfo = SwiftUppg4;
		};
/* End PBXContainerItemProxy section */

/* Begin PBXFileReference section */
		54D872482CE0B6EB005214EF /* SwiftUppg4.app */ = {isa = PBXFileReference; explicitFileType = wrapper.application; includeInIndex = 0; path = SwiftUppg4.app; sourceTree = BUILT_PRODUCTS_DIR; };
		54D8725A2CE0B6ED005214EF /* SwiftUppg4Tests.xctest */ = {isa = PBXFileReference; explicitFileType = wrapper.cfbundle; includeInIndex = 0; path = SwiftUppg4Tests.xctest; sourceTree = BUILT_PRODUCTS_DIR; };
		54D872642CE0B6ED005214EF /* SwiftUppg4UITests.xctest */ = {isa = PBXFileReference; explicitFileType = wrapper.cfbundle; includeInIndex = 0; path = SwiftUppg4UITests.xctest; sourceTree = BUILT_PRODUCTS_DIR; };
/* End PBXFileReference section */

/* Begin PBXFileSystemSynchronizedRootGroup section */
		54D8724A2CE0B6EB005214EF /* SwiftUppg4 */ = {
			isa = PBXFileSystemSynchronizedRootGroup;
			path = SwiftUppg4;
			sourceTree = "<group>";
		};
		54D8725D2CE0B6ED005214EF /* SwiftUppg4Tests */ = {
			isa = PBXFileSystemSynchronizedRootGroup;
			path = SwiftUppg4Tests;
			sourceTree = "<group>";
		};
		54D872672CE0B6ED005214EF /* SwiftUppg4UITests */ = {
			isa = PBXFileSystemSynchronizedRootGroup;
			path = SwiftUppg4UITests;
			sourceTree = "<group>";
		};
/* End PBXFileSystemSynchronizedRootGroup section */

/* Begin PBXFrameworksBuildPhase section */
		54D872452CE0B6EB005214EF /* Frameworks */ = {
			isa = PBXFrameworksBuildPhase;
			buildActionMask = 2147483647;
			files = (
			);
			runOnlyForDeploymentPostprocessing = 0;
		};
		54D872572CE0B6ED005214EF /* Frameworks */ = {
			isa = PBXFrameworksBuildPhase;
			buildActionMask = 2147483647;
			files = (
			);
			runOnlyForDeploymentPostprocessing = 0;
		};
		54D872612CE0B6ED005214EF /* Frameworks */ = {
			isa = PBXFrameworksBuildPhase;
			buildActionMask = 2147483647;
			files = (
			);
			runOnlyForDeploymentPostprocessing = 0;
		};
/* End PBXFrameworksBuildPhase section */

/* Begin PBXGroup section */
		54D8723F2CE0B6EB005214EF = {
			isa = PBXGroup;
			children = (
				54D8724A2CE0B6EB005214EF /* SwiftUppg4 */,
				54D8725D2CE0B6ED005214EF /* SwiftUppg4Tests */,
				54D872672CE0B6ED005214EF /* SwiftUppg4UITests */,
				54D872492CE0B6EB005214EF /* Products */,
			);
			sourceTree = "<group>";
		};
		54D872492CE0B6EB005214EF /* Products */ = {
			isa = PBXGroup;
			children = (
				54D872482CE0B6EB005214EF /* SwiftUppg4.app */,
				54D8725A2CE0B6ED005214EF /* SwiftUppg4Tests.xctest */,
				54D872642CE0B6ED005214EF /* SwiftUppg4UITests.xctest */,
			);
			name = Products;
			sourceTree = "<group>";
		};
/* End PBXGroup section */

/* Begin PBXNativeTarget section */
		54D872472CE0B6EB005214EF /* SwiftUppg4 */ = {
			isa = PBXNativeTarget;
			buildConfigurationList = 54D8726E2CE0B6ED005214EF /* Build configuration list for PBXNativeTarget "SwiftUppg4" */;
			buildPhases = (
				54D872442CE0B6EB005214EF /* Sources */,
				54D872452CE0B6EB005214EF /* Frameworks */,
				54D872462CE0B6EB005214EF /* Resources */,
			);
			buildRules = (
			);
			dependencies = (
			);
			fileSystemSynchronizedGroups = (
				54D8724A2CE0B6EB005214EF /* SwiftUppg4 */,
			);
			name = SwiftUppg4;
			packageProductDependencies = (
			);
			productName = SwiftUppg4;
			productReference = 54D872482CE0B6EB005214EF /* SwiftUppg4.app */;
			productType = "com.apple.product-type.application";
		};
		54D872592CE0B6ED005214EF /* SwiftUppg4Tests */ = {
			isa = PBXNativeTarget;
			buildConfigurationList = 54D872712CE0B6ED005214EF /* Build configuration list for PBXNativeTarget "SwiftUppg4Tests" */;
			buildPhases = (
				54D872562CE0B6ED005214EF /* Sources */,
				54D872572CE0B6ED005214EF /* Frameworks */,
				54D872582CE0B6ED005214EF /* Resources */,
			);
			buildRules = (
			);
			dependencies = (
				54D8725C2CE0B6ED005214EF /* PBXTargetDependency */,
			);
			fileSystemSynchronizedGroups = (
				54D8725D2CE0B6ED005214EF /* SwiftUppg4Tests */,
			);
			name = SwiftUppg4Tests;
			packageProductDependencies = (
			);
			productName = SwiftUppg4Tests;
			productReference = 54D8725A2CE0B6ED005214EF /* SwiftUppg4Tests.xctest */;
			productType = "com.apple.product-type.bundle.unit-test";
		};
		54D872632CE0B6ED005214EF /* SwiftUppg4UITests */ = {
			isa = PBXNativeTarget;
			buildConfigurationList = 54D872742CE0B6ED005214EF /* Build configuration list for PBXNativeTarget "SwiftUppg4UITests" */;
			buildPhases = (
				54D872602CE0B6ED005214EF /* Sources */,
				54D872612CE0B6ED005214EF /* Frameworks */,
				54D872622CE0B6ED005214EF /* Resources */,
			);
			buildRules = (
			);
			dependencies = (
				54D872662CE0B6ED005214EF /* PBXTargetDependency */,
			);
			fileSystemSynchronizedGroups = (
				54D872672CE0B6ED005214EF /* SwiftUppg4UITests */,
			);
			name = SwiftUppg4UITests;
			packageProductDependencies = (
			);
			productName = SwiftUppg4UITests;
			productReference = 54D872642CE0B6ED005214EF /* SwiftUppg4UITests.xctest */;
			productType = "com.apple.product-type.bundle.ui-testing";
		};
/* End PBXNativeTarget section */

/* Begin PBXProject section */
		54D872402CE0B6EB005214EF /* Project object */ = {
			isa = PBXProject;
			attributes = {
				BuildIndependentTargetsInParallel = 1;
				LastSwiftUpdateCheck = 1600;
				LastUpgradeCheck = 1600;
				TargetAttributes = {
					54D872472CE0B6EB005214EF = {
						CreatedOnToolsVersion = 16.0;
					};
					54D872592CE0B6ED005214EF = {
						CreatedOnToolsVersion = 16.0;
						TestTargetID = 54D872472CE0B6EB005214EF;
					};
					54D872632CE0B6ED005214EF = {
						CreatedOnToolsVersion = 16.0;
						TestTargetID = 54D872472CE0B6EB005214EF;
					};
				};
			};
			buildConfigurationList = 54D872432CE0B6EB005214EF /* Build configuration list for PBXProject "SwiftUppg4" */;
			developmentRegion = en;
			hasScannedForEncodings = 0;
			knownRegions = (
				en,
				Base,
			);
			mainGroup = 54D8723F2CE0B6EB005214EF;
			minimizedProjectReferenceProxies = 1;
			preferredProjectObjectVersion = 77;
			productRefGroup = 54D872492CE0B6EB005214EF /* Products */;
			projectDirPath = "";
			projectRoot = "";
			targets = (
				54D872472CE0B6EB005214EF /* SwiftUppg4 */,
				54D872592CE0B6ED005214EF /* SwiftUppg4Tests */,
				54D872632CE0B6ED005214EF /* SwiftUppg4UITests */,
			);
		};
/* End PBXProject section */

/* Begin PBXResourcesBuildPhase section */
		54D872462CE0B6EB005214EF /* Resources */ = {
			isa = PBXResourcesBuildPhase;
			buildActionMask = 2147483647;
			files = (
			);
			runOnlyForDeploymentPostprocessing = 0;
		};
		54D872582CE0B6ED005214EF /* Resources */ = {
			isa = PBXResourcesBuildPhase;
			buildActionMask = 2147483647;
			files = (
			);
			runOnlyForDeploymentPostprocessing = 0;
		};
		54D872622CE0B6ED005214EF /* Resources */ = {
			isa = PBXResourcesBuildPhase;
			buildActionMask = 2147483647;
			files = (
			);
			runOnlyForDeploymentPostprocessing = 0;
		};
/* End PBXResourcesBuildPhase section */

/* Begin PBXSourcesBuildPhase section */
		54D872442CE0B6EB005214EF /* Sources */ = {
			isa = PBXSourcesBuildPhase;
			buildActionMask = 2147483647;
			files = (
			);
			runOnlyForDeploymentPostprocessing = 0;
		};
		54D872562CE0B6ED005214EF /* Sources */ = {
			isa = PBXSourcesBuildPhase;
			buildActionMask = 2147483647;
			files = (
			);
			runOnlyForDeploymentPostprocessing = 0;
		};
		54D872602CE0B6ED005214EF /* Sources */ = {
			isa = PBXSourcesBuildPhase;
			buildActionMask = 2147483647;
			files = (
			);
			runOnlyForDeploymentPostprocessing = 0;
		};
/* End PBXSourcesBuildPhase section */

/* Begin PBXTargetDependency section */
		54D8725C2CE0B6ED005214EF /* PBXTargetDependency */ = {
			isa = PBXTargetDependency;
			target = 54D872472CE0B6EB005214EF /* SwiftUppg4 */;
			targetProxy = 54D8725B2CE0B6ED005214EF /* PBXContainerItemProxy */;
		};
		54D872662CE0B6ED005214EF /* PBXTargetDependency */ = {
			isa = PBXTargetDependency;
			target = 54D872472CE0B6EB005214EF /* SwiftUppg4 */;
			targetProxy = 54D872652CE0B6ED005214EF /* PBXContainerItemProxy */;
		};
/* End PBXTargetDependency section */

/* Begin XCBuildConfiguration section */
		54D8726C2CE0B6ED005214EF /* Debug */ = {
			isa = XCBuildConfiguration;
			buildSettings = {
				ALWAYS_SEARCH_USER_PATHS = NO;
				ASSETCATALOG_COMPILER_GENERATE_SWIFT_ASSET_SYMBOL_EXTENSIONS = YES;
				CLANG_ANALYZER_NONNULL = YES;
				CLANG_ANALYZER_NUMBER_OBJECT_CONVERSION = YES_AGGRESSIVE;
				CLANG_CXX_LANGUAGE_STANDARD = "gnu++20";
				CLANG_ENABLE_MODULES = YES;
				CLANG_ENABLE_OBJC_ARC = YES;
				CLANG_ENABLE_OBJC_WEAK = YES;
				CLANG_WARN_BLOCK_CAPTURE_AUTORELEASING = YES;
				CLANG_WARN_BOOL_CONVERSION = YES;
				CLANG_WARN_COMMA = YES;
				CLANG_WARN_CONSTANT_CONVERSION = YES;
				CLANG_WARN_DEPRECATED_OBJC_IMPLEMENTATIONS = YES;
				CLANG_WARN_DIRECT_OBJC_ISA_USAGE = YES_ERROR;
				CLANG_WARN_DOCUMENTATION_COMMENTS = YES;
				CLANG_WARN_EMPTY_BODY = YES;
				CLANG_WARN_ENUM_CONVERSION = YES;
				CLANG_WARN_INFINITE_RECURSION = YES;
				CLANG_WARN_INT_CONVERSION = YES;
				CLANG_WARN_NON_LITERAL_NULL_CONVERSION = YES;
				CLANG_WARN_OBJC_IMPLICIT_RETAIN_SELF = YES;
				CLANG_WARN_OBJC_LITERAL_CONVERSION = YES;
				CLANG_WARN_OBJC_ROOT_CLASS = YES_ERROR;
				CLANG_WARN_QUOTED_INCLUDE_IN_FRAMEWORK_HEADER = YES;
				CLANG_WARN_RANGE_LOOP_ANALYSIS = YES;
				CLANG_WARN_STRICT_PROTOTYPES = YES;
				CLANG_WARN_SUSPICIOUS_MOVE = YES;
				CLANG_WARN_UNGUARDED_AVAILABILITY = YES_AGGRESSIVE;
				CLANG_WARN_UNREACHABLE_CODE = YES;
				CLANG_WARN__DUPLICATE_METHOD_MATCH = YES;
				COPY_PHASE_STRIP = NO;
				DEBUG_INFORMATION_FORMAT = dwarf;
				ENABLE_STRICT_OBJC_MSGSEND = YES;
				ENABLE_TESTABILITY = YES;
				ENABLE_USER_SCRIPT_SANDBOXING = YES;
				GCC_C_LANGUAGE_STANDARD = gnu17;
				GCC_DYNAMIC_NO_PIC = NO;
				GCC_NO_COMMON_BLOCKS = YES;
				GCC_OPTIMIZATION_LEVEL = 0;
				GCC_PREPROCESSOR_DEFINITIONS = (
					"DEBUG=1",
					"$(inherited)",
				);
				GCC_WARN_64_TO_32_BIT_CONVERSION = YES;
				GCC_WARN_ABOUT_RETURN_TYPE = YES_ERROR;
				GCC_WARN_UNDECLARED_SELECTOR = YES;
				GCC_WARN_UNINITIALIZED_AUTOS = YES_AGGRESSIVE;
				GCC_WARN_UNUSED_FUNCTION = YES;
				GCC_WARN_UNUSED_VARIABLE = YES;
				IPHONEOS_DEPLOYMENT_TARGET = 18.0;
				LOCALIZATION_PREFERS_STRING_CATALOGS = YES;
				MTL_ENABLE_DEBUG_INFO = INCLUDE_SOURCE;
				MTL_FAST_MATH = YES;
				ONLY_ACTIVE_ARCH = YES;
				SDKROOT = iphoneos;
				SWIFT_ACTIVE_COMPILATION_CONDITIONS = "DEBUG $(inherited)";
				SWIFT_OPTIMIZATION_LEVEL = "-Onone";
			};
			name = Debug;
		};
		54D8726D2CE0B6ED005214EF /* Release */ = {
			isa = XCBuildConfiguration;
			buildSettings = {
				ALWAYS_SEARCH_USER_PATHS = NO;
				ASSETCATALOG_COMPILER_GENERATE_SWIFT_ASSET_SYMBOL_EXTENSIONS = YES;
				CLANG_ANALYZER_NONNULL = YES;
				CLANG_ANALYZER_NUMBER_OBJECT_CONVERSION = YES_AGGRESSIVE;
				CLANG_CXX_LANGUAGE_STANDARD = "gnu++20";
				CLANG_ENABLE_MODULES = YES;
				CLANG_ENABLE_OBJC_ARC = YES;
				CLANG_ENABLE_OBJC_WEAK = YES;
				CLANG_WARN_BLOCK_CAPTURE_AUTORELEASING = YES;
				CLANG_WARN_BOOL_CONVERSION = YES;
				CLANG_WARN_COMMA = YES;
				CLANG_WARN_CONSTANT_CONVERSION = YES;
				CLANG_WARN_DEPRECATED_OBJC_IMPLEMENTATIONS = YES;
				CLANG_WARN_DIRECT_OBJC_ISA_USAGE = YES_ERROR;
				CLANG_WARN_DOCUMENTATION_COMMENTS = YES;
				CLANG_WARN_EMPTY_BODY = YES;
				CLANG_WARN_ENUM_CONVERSION = YES;
				CLANG_WARN_INFINITE_RECURSION = YES;
				CLANG_WARN_INT_CONVERSION = YES;
				CLANG_WARN_NON_LITERAL_NULL_CONVERSION = YES;
				CLANG_WARN_OBJC_IMPLICIT_RETAIN_SELF = YES;
				CLANG_WARN_OBJC_LITERAL_CONVERSION = YES;
				CLANG_WARN_OBJC_ROOT_CLASS = YES_ERROR;
				CLANG_WARN_QUOTED_INCLUDE_IN_FRAMEWORK_HEADER = YES;
				CLANG_WARN_RANGE_LOOP_ANALYSIS = YES;
				CLANG_WARN_STRICT_PROTOTYPES = YES;
				CLANG_WARN_SUSPICIOUS_MOVE = YES;
				CLANG_WARN_UNGUARDED_AVAILABILITY = YES_AGGRESSIVE;
				CLANG_WARN_UNREACHABLE_CODE = YES;
				CLANG_WARN__DUPLICATE_METHOD_MATCH = YES;
				COPY_PHASE_STRIP = NO;
				DEBUG_INFORMATION_FORMAT = "dwarf-with-dsym";
				ENABLE_NS_ASSERTIONS = NO;
				ENABLE_STRICT_OBJC_MSGSEND = YES;
				ENABLE_USER_SCRIPT_SANDBOXING = YES;
				GCC_C_LANGUAGE_STANDARD = gnu17;
				GCC_NO_COMMON_BLOCKS = YES;
				GCC_WARN_64_TO_32_BIT_CONVERSION = YES;
				GCC_WARN_ABOUT_RETURN_TYPE = YES_ERROR;
				GCC_WARN_UNDECLARED_SELECTOR = YES;
				GCC_WARN_UNINITIALIZED_AUTOS = YES_AGGRESSIVE;
				GCC_WARN_UNUSED_FUNCTION = YES;
				GCC_WARN_UNUSED_VARIABLE = YES;
				IPHONEOS_DEPLOYMENT_TARGET = 18.0;
				LOCALIZATION_PREFERS_STRING_CATALOGS = YES;
				MTL_ENABLE_DEBUG_INFO = NO;
				MTL_FAST_MATH = YES;
				SDKROOT = iphoneos;
				SWIFT_COMPILATION_MODE = wholemodule;
				VALIDATE_PRODUCT = YES;
			};
			name = Release;
		};
		54D8726F2CE0B6ED005214EF /* Debug */ = {
			isa = XCBuildConfiguration;
			buildSettings = {
				ASSETCATALOG_COMPILER_APPICON_NAME = AppIcon;
				ASSETCATALOG_COMPILER_GLOBAL_ACCENT_COLOR_NAME = AccentColor;
				CODE_SIGN_STYLE = Automatic;
				CURRENT_PROJECT_VERSION = 1;
				DEVELOPMENT_ASSET_PATHS = "\"SwiftUppg4/Preview Content\"";
				ENABLE_PREVIEWS = YES;
				GENERATE_INFOPLIST_FILE = YES;
				INFOPLIST_KEY_UIApplicationSceneManifest_Generation = YES;
				INFOPLIST_KEY_UIApplicationSupportsIndirectInputEvents = YES;
				INFOPLIST_KEY_UILaunchScreen_Generation = YES;
				INFOPLIST_KEY_UISupportedInterfaceOrientations_iPad = "UIInterfaceOrientationPortrait UIInterfaceOrientationPortraitUpsideDown UIInterfaceOrientationLandscapeLeft UIInterfaceOrientationLandscapeRight";
				INFOPLIST_KEY_UISupportedInterfaceOrientations_iPhone = "UIInterfaceOrientationPortrait UIInterfaceOrientationLandscapeLeft UIInterfaceOrientationLandscapeRight";
				LD_RUNPATH_SEARCH_PATHS = (
					"$(inherited)",
					"@executable_path/Frameworks",
				);
				MARKETING_VERSION = 1.0;
				PRODUCT_BUNDLE_IDENTIFIER = com.SwiftUppg4;
				PRODUCT_NAME = "$(TARGET_NAME)";
				SWIFT_EMIT_LOC_STRINGS = YES;
				SWIFT_VERSION = 5.0;
				TARGETED_DEVICE_FAMILY = "1,2";
			};
			name = Debug;
		};
		54D872702CE0B6ED005214EF /* Release */ = {
			isa = XCBuildConfiguration;
			buildSettings = {
				ASSETCATALOG_COMPILER_APPICON_NAME = AppIcon;
				ASSETCATALOG_COMPILER_GLOBAL_ACCENT_COLOR_NAME = AccentColor;
				CODE_SIGN_STYLE = Automatic;
				CURRENT_PROJECT_VERSION = 1;
				DEVELOPMENT_ASSET_PATHS = "\"SwiftUppg4/Preview Content\"";
				ENABLE_PREVIEWS = YES;
				GENERATE_INFOPLIST_FILE = YES;
				INFOPLIST_KEY_UIApplicationSceneManifest_Generation = YES;
				INFOPLIST_KEY_UIApplicationSupportsIndirectInputEvents = YES;
				INFOPLIST_KEY_UILaunchScreen_Generation = YES;
				INFOPLIST_KEY_UISupportedInterfaceOrientations_iPad = "UIInterfaceOrientationPortrait UIInterfaceOrientationPortraitUpsideDown UIInterfaceOrientationLandscapeLeft UIInterfaceOrientationLandscapeRight";
				INFOPLIST_KEY_UISupportedInterfaceOrientations_iPhone = "UIInterfaceOrientationPortrait UIInterfaceOrientationLandscapeLeft UIInterfaceOrientationLandscapeRight";
				LD_RUNPATH_SEARCH_PATHS = (
					"$(inherited)",
					"@executable_path/Frameworks",
				);
				MARKETING_VERSION = 1.0;
				PRODUCT_BUNDLE_IDENTIFIER = com.SwiftUppg4;
				PRODUCT_NAME = "$(TARGET_NAME)";
				SWIFT_EMIT_LOC_STRINGS = YES;
				SWIFT_VERSION = 5.0;
				TARGETED_DEVICE_FAMILY = "1,2";
			};
			name = Release;
		};
		54D872722CE0B6ED005214EF /* Debug */ = {
			isa = XCBuildConfiguration;
			buildSettings = {
				BUNDLE_LOADER = "$(TEST_HOST)";
				CODE_SIGN_STYLE = Automatic;
				CURRENT_PROJECT_VERSION = 1;
				GENERATE_INFOPLIST_FILE = YES;
				IPHONEOS_DEPLOYMENT_TARGET = 18.0;
				MARKETING_VERSION = 1.0;
				PRODUCT_BUNDLE_IDENTIFIER = com.SwiftUppg4Tests;
				PRODUCT_NAME = "$(TARGET_NAME)";
				SWIFT_EMIT_LOC_STRINGS = NO;
				SWIFT_VERSION = 5.0;
				TARGETED_DEVICE_FAMILY = "1,2";
				TEST_HOST = "$(BUILT_PRODUCTS_DIR)/SwiftUppg4.app/$(BUNDLE_EXECUTABLE_FOLDER_PATH)/SwiftUppg4";
			};
			name = Debug;
		};
		54D872732CE0B6ED005214EF /* Release */ = {
			isa = XCBuildConfiguration;
			buildSettings = {
				BUNDLE_LOADER = "$(TEST_HOST)";
				CODE_SIGN_STYLE = Automatic;
				CURRENT_PROJECT_VERSION = 1;
				GENERATE_INFOPLIST_FILE = YES;
				IPHONEOS_DEPLOYMENT_TARGET = 18.0;
				MARKETING_VERSION = 1.0;
				PRODUCT_BUNDLE_IDENTIFIER = com.SwiftUppg4Tests;
				PRODUCT_NAME = "$(TARGET_NAME)";
				SWIFT_EMIT_LOC_STRINGS = NO;
				SWIFT_VERSION = 5.0;
				TARGETED_DEVICE_FAMILY = "1,2";
				TEST_HOST = "$(BUILT_PRODUCTS_DIR)/SwiftUppg4.app/$(BUNDLE_EXECUTABLE_FOLDER_PATH)/SwiftUppg4";
			};
			name = Release;
		};
		54D872752CE0B6ED005214EF /* Debug */ = {
			isa = XCBuildConfiguration;
			buildSettings = {
				CODE_SIGN_STYLE = Automatic;
				CURRENT_PROJECT_VERSION = 1;
				GENERATE_INFOPLIST_FILE = YES;
				MARKETING_VERSION = 1.0;
				PRODUCT_BUNDLE_IDENTIFIER = com.SwiftUppg4UITests;
				PRODUCT_NAME = "$(TARGET_NAME)";
				SWIFT_EMIT_LOC_STRINGS = NO;
				SWIFT_VERSION = 5.0;
				TARGETED_DEVICE_FAMILY = "1,2";
				TEST_TARGET_NAME = SwiftUppg4;
			};
			name = Debug;
		};
		54D872762CE0B6ED005214EF /* Release */ = {
			isa = XCBuildConfiguration;
			buildSettings = {
				CODE_SIGN_STYLE = Automatic;
				CURRENT_PROJECT_VERSION = 1;
				GENERATE_INFOPLIST_FILE = YES;
				MARKETING_VERSION = 1.0;
				PRODUCT_BUNDLE_IDENTIFIER = com.SwiftUppg4UITests;
				PRODUCT_NAME = "$(TARGET_NAME)";
				SWIFT_EMIT_LOC_STRINGS = NO;
				SWIFT_VERSION = 5.0;
				TARGETED_DEVICE_FAMILY = "1,2";
				TEST_TARGET_NAME = SwiftUppg4;
			};
			name = Release;
		};
/* End XCBuildConfiguration section */

/* Begin XCConfigurationList section */
		54D872432CE0B6EB005214EF /* Build configuration list for PBXProject "SwiftUppg4" */ = {
			isa = XCConfigurationList;
			buildConfigurations = (
				54D8726C2CE0B6ED005214EF /* Debug */,
				54D8726D2CE0B6ED005214EF /* Release */,
			);
			defaultConfigurationIsVisible = 0;
			defaultConfigurationName = Release;
		};
		54D8726E2CE0B6ED005214EF /* Build configuration list for PBXNativeTarget "SwiftUppg4" */ = {
			isa = XCConfigurationList;
			buildConfigurations = (
				54D8726F2CE0B6ED005214EF /* Debug */,
				54D872702CE0B6ED005214EF /* Release */,
			);
			defaultConfigurationIsVisible = 0;
			defaultConfigurationName = Release;
		};
		54D872712CE0B6ED005214EF /* Build configuration list for PBXNativeTarget "SwiftUppg4Tests" */ = {
			isa = XCConfigurationList;
			buildConfigurations = (
				54D872722CE0B6ED005214EF /* Debug */,
				54D872732CE0B6ED005214EF /* Release */,
			);
			defaultConfigurationIsVisible = 0;
			defaultConfigurationName = Release;
		};
		54D872742CE0B6ED005214EF /* Build configuration list for PBXNativeTarget "SwiftUppg4UITests" */ = {
			isa = XCConfigurationList;
			buildConfigurations = (
				54D872752CE0B6ED005214EF /* Debug */,
				54D872762CE0B6ED005214EF /* Release */,
			);
			defaultConfigurationIsVisible = 0;
			defaultConfigurationName = Release;
		};
/* End XCConfigurationList section */
	};
	rootObject = 54D872402CE0B6EB005214EF /* Project object */;
}
